
Microsoft Visual Studio Solution File, Format Version 12.00
# Visual Studio Version 16
VisualStudioVersion = 16.0.31129.286
MinimumVisualStudioVersion = 10.0.40219.1
Project("{FAE04EC0-301F-11D3-BF4B-00C04F79EFBC}") = "LightModulator_ChainDa", "LightModulator_ChainDa\LightModulator_ChainDa.csproj", "{87EF73D5-C88D-4BF2-B0A0-9796650DAC25}"
EndProject
Global
	GlobalSection(SolutionConfigurationPlatforms) = preSolution
		Debug|Any CPU = Debug|Any CPU
		Release|Any CPU = Release|Any CPU
	EndGlobalSection
	GlobalSection(ProjectConfigurationPlatforms) = postSolution
		{87EF73D5-C88D-4BF2-B0A0-9796650DAC25}.Debug|Any CPU.ActiveCfg = Debug|Any CPU
		{87EF73D5-C88D-4BF2-B0A0-9796650DAC25}.Debug|Any CPU.Build.0 = Debug|Any CPU
		{87EF73D5-C88D-4BF2-B0A0-9796650DAC25}.Release|Any CPU.ActiveCfg = Release|Any CPU
		{87EF73D5-C88D-4BF2-B0A0-9796650DAC25}.Release|Any CPU.Build.0 = Release|Any CPU
	EndGlobalSection
	GlobalSection(SolutionProperties) = preSolution
		HideSolutionNode = FALSE
	EndGlobalSection
	GlobalSection(ExtensibilityGlobals) = postSolution
		SolutionGuid = {93AB273D-8D8B-4134-B681-91F8E81BF5A2}
	EndGlobalSection
EndGlobal
